{
  "name": "a",
  "lockfileVersion": 2,
  "requires": true,
  "packages": {
    "": {
      "dependencies": {
        "ts-import": "^2.0.40"
      }
    },
    "node_modules/options-defaults": {
      "version": "2.0.39",
      "resolved": "https://registry.npmjs.org/options-defaults/-/options-defaults-2.0.39.tgz",
      "integrity": "sha512-oM3zz6IqQSXodCIpev4WcDIJeCKRLdNobGhZUsN1kKnmNXg18Rfwy7bolWLOwc3farTLRRRtp6qFarhUAa+23A=="
    },
    "node_modules/ts-import": {
      "version": "2.0.40",
      "resolved": "https://registry.npmjs.org/ts-import/-/ts-import-2.0.40.tgz",
      "integrity": "sha512-yTP9fSDaBL1LvcN7/taRHbcQoazk7cLrDOEPyIDUVKLNYTMhaDkvZhfUwp41iXe+GlAFL6l87ZoGABWZRdIfjg==",
      "dependencies": {
        "options-defaults": "^2.0.39"
      },
      "engines": {
        "node": ">=14.14.0"
      }
    }
  },
  "dependencies": {
    "options-defaults": {
      "version": "2.0.39",
      "resolved": "https://registry.npmjs.org/options-defaults/-/options-defaults-2.0.39.tgz",
      "integrity": "sha512-oM3zz6IqQSXodCIpev4WcDIJeCKRLdNobGhZUsN1kKnmNXg18Rfwy7bolWLOwc3farTLRRRtp6qFarhUAa+23A=="
    },
    "ts-import": {
      "version": "2.0.40",
      "resolved": "https://registry.npmjs.org/ts-import/-/ts-import-2.0.40.tgz",
      "integrity": "sha512-yTP9fSDaBL1LvcN7/taRHbcQoazk7cLrDOEPyIDUVKLNYTMhaDkvZhfUwp41iXe+GlAFL6l87ZoGABWZRdIfjg==",
      "requires": {
        "options-defaults": "^2.0.39"
      }
    }
  }
}
